
Microsoft Visual Studio Solution File, Format Version 12.00
# Visual Studio Version 17
VisualStudioVersion = 17.11.35222.181
MinimumVisualStudioVersion = 10.0.40219.1
Project("{FAE04EC0-301F-11D3-BF4B-00C04F79EFBC}") = "WindowsFormsApp2", "WindowsFormsApp2\WindowsFormsApp2.csproj", "{8E3E0A50-040A-4086-A563-0741833F8957}"
EndProject
Project("{2150E333-8FDC-42A3-9474-1A3956D46DE8}") = "Элементы решения", "Элементы решения", "{05707046-0BE4-4B6D-A44D-12F60EE41863}"
	ProjectSection(SolutionItems) = preProject
		TextFile1.txt = TextFile1.txt
	EndProjectSection
EndProject
Global
	GlobalSection(SolutionConfigurationPlatforms) = preSolution
		Debug|Any CPU = Debug|Any CPU
		Release|Any CPU = Release|Any CPU
	EndGlobalSection
	GlobalSection(ProjectConfigurationPlatforms) = postSolution
		{8E3E0A50-040A-4086-A563-0741833F8957}.Debug|Any CPU.ActiveCfg = Debug|Any CPU
		{8E3E0A50-040A-4086-A563-0741833F8957}.Debug|Any CPU.Build.0 = Debug|Any CPU
		{8E3E0A50-040A-4086-A563-0741833F8957}.Release|Any CPU.ActiveCfg = Release|Any CPU
		{8E3E0A50-040A-4086-A563-0741833F8957}.Release|Any CPU.Build.0 = Release|Any CPU
	EndGlobalSection
	GlobalSection(SolutionProperties) = preSolution
		HideSolutionNode = FALSE
	EndGlobalSection
	GlobalSection(ExtensibilityGlobals) = postSolution
		SolutionGuid = {22BEEE82-CC7F-4A47-A3B8-03843D1D382B}
	EndGlobalSection
EndGlobal
